
Microsoft Visual Studio Solution File, Format Version 12.00
# Visual Studio Version 16
VisualStudioVersion = 16.0.29613.14
MinimumVisualStudioVersion = 10.0.40219.1
Project("{00D1A9C2-B5F0-4AF3-8072-F6C62B433612}") = "newdata", "newdata.sqlproj", "{A50BAAA3-717A-4CA3-BC3A-4E6E12A892CB}"
EndProject
Global
	GlobalSection(SolutionConfigurationPlatforms) = preSolution
		Debug|Any CPU = Debug|Any CPU
		Release|Any CPU = Release|Any CPU
	EndGlobalSection
	GlobalSection(ProjectConfigurationPlatforms) = postSolution
		{A50BAAA3-717A-4CA3-BC3A-4E6E12A892CB}.Debug|Any CPU.ActiveCfg = Debug|Any CPU
		{A50BAAA3-717A-4CA3-BC3A-4E6E12A892CB}.Debug|Any CPU.Build.0 = Debug|Any CPU
		{A50BAAA3-717A-4CA3-BC3A-4E6E12A892CB}.Debug|Any CPU.Deploy.0 = Debug|Any CPU
		{A50BAAA3-717A-4CA3-BC3A-4E6E12A892CB}.Release|Any CPU.ActiveCfg = Release|Any CPU
		{A50BAAA3-717A-4CA3-BC3A-4E6E12A892CB}.Release|Any CPU.Build.0 = Release|Any CPU
		{A50BAAA3-717A-4CA3-BC3A-4E6E12A892CB}.Release|Any CPU.Deploy.0 = Release|Any CPU
	EndGlobalSection
	GlobalSection(SolutionProperties) = preSolution
		HideSolutionNode = FALSE
	EndGlobalSection
	GlobalSection(ExtensibilityGlobals) = postSolution
		SolutionGuid = {B10A0DE5-7A44-4A28-9F01-5180FB32FEEF}
	EndGlobalSection
EndGlobal
